
Microsoft Visual Studio Solution File, Format Version 12.00
# Visual Studio Version 17
VisualStudioVersion = 17.1.32210.238
MinimumVisualStudioVersion = 10.0.40219.1
Project("{9A19103F-16F7-4668-BE54-9A1E7A4F7556}") = "calculateGPS", "calculateGPS\calculateGPS.csproj", "{51121B23-2754-4251-BCE9-BE66B05EBAE9}"
EndProject
Project("{FAE04EC0-301F-11D3-BF4B-00C04F79EFBC}") = "GPSlibrary", "GPSlibrary\GPSlibrary.csproj", "{2B16076E-A333-4E04-8E78-6F380B082A61}"
EndProject
Project("{FAE04EC0-301F-11D3-BF4B-00C04F79EFBC}") = "GPSTest", "GPSTest\GPSTest.csproj", "{74708536-40BB-4626-A874-6A1032FDA68C}"
EndProject
Global
	GlobalSection(SolutionConfigurationPlatforms) = preSolution
		Debug|Any CPU = Debug|Any CPU
		Release|Any CPU = Release|Any CPU
	EndGlobalSection
	GlobalSection(ProjectConfigurationPlatforms) = postSolution
		{51121B23-2754-4251-BCE9-BE66B05EBAE9}.Debug|Any CPU.ActiveCfg = Debug|Any CPU
		{51121B23-2754-4251-BCE9-BE66B05EBAE9}.Debug|Any CPU.Build.0 = Debug|Any CPU
		{51121B23-2754-4251-BCE9-BE66B05EBAE9}.Release|Any CPU.ActiveCfg = Release|Any CPU
		{51121B23-2754-4251-BCE9-BE66B05EBAE9}.Release|Any CPU.Build.0 = Release|Any CPU
		{2B16076E-A333-4E04-8E78-6F380B082A61}.Debug|Any CPU.ActiveCfg = Debug|Any CPU
		{2B16076E-A333-4E04-8E78-6F380B082A61}.Debug|Any CPU.Build.0 = Debug|Any CPU
		{2B16076E-A333-4E04-8E78-6F380B082A61}.Release|Any CPU.ActiveCfg = Release|Any CPU
		{2B16076E-A333-4E04-8E78-6F380B082A61}.Release|Any CPU.Build.0 = Release|Any CPU
		{74708536-40BB-4626-A874-6A1032FDA68C}.Debug|Any CPU.ActiveCfg = Debug|Any CPU
		{74708536-40BB-4626-A874-6A1032FDA68C}.Debug|Any CPU.Build.0 = Debug|Any CPU
		{74708536-40BB-4626-A874-6A1032FDA68C}.Release|Any CPU.ActiveCfg = Release|Any CPU
		{74708536-40BB-4626-A874-6A1032FDA68C}.Release|Any CPU.Build.0 = Release|Any CPU
	EndGlobalSection
	GlobalSection(SolutionProperties) = preSolution
		HideSolutionNode = FALSE
	EndGlobalSection
	GlobalSection(ExtensibilityGlobals) = postSolution
		SolutionGuid = {0668AC2F-124D-46CE-8EBC-8EA8EDD59BCB}
	EndGlobalSection
EndGlobal
